
Microsoft Visual Studio Solution File, Format Version 12.00
# Visual Studio 15
VisualStudioVersion = 15.0.28307.489
MinimumVisualStudioVersion = 10.0.40219.1
Project("{FAE04EC0-301F-11D3-BF4B-00C04F79EFBC}") = "MobileApp.Android", "MobileApp\MobileApp.Android\MobileApp.Android.csproj", "{36707E34-698A-46B0-87C6-C528817A8A01}"
EndProject
Project("{FAE04EC0-301F-11D3-BF4B-00C04F79EFBC}") = "MobileApp.iOS", "MobileApp\MobileApp.iOS\MobileApp.iOS.csproj", "{DAC742B7-94CD-4C7E-9922-366FF0A77740}"
EndProject
Project("{9A19103F-16F7-4668-BE54-9A1E7A4F7556}") = "MobileApp", "MobileApp\MobileApp\MobileApp.csproj", "{02F7ACA0-5A2C-4D19-9A40-6EACA589C599}"
EndProject
Global
	GlobalSection(SolutionConfigurationPlatforms) = preSolution
		Ad-Hoc|Any CPU = Ad-Hoc|Any CPU
		Ad-Hoc|iPhone = Ad-Hoc|iPhone
		Ad-Hoc|iPhoneSimulator = Ad-Hoc|iPhoneSimulator
		AppStore|Any CPU = AppStore|Any CPU
		AppStore|iPhone = AppStore|iPhone
		AppStore|iPhoneSimulator = AppStore|iPhoneSimulator
		Debug|Any CPU = Debug|Any CPU
		Debug|iPhone = Debug|iPhone
		Debug|iPhoneSimulator = Debug|iPhoneSimulator
		Release|Any CPU = Release|Any CPU
		Release|iPhone = Release|iPhone
		Release|iPhoneSimulator = Release|iPhoneSimulator
	EndGlobalSection
	GlobalSection(ProjectConfigurationPlatforms) = postSolution
		{36707E34-698A-46B0-87C6-C528817A8A01}.Ad-Hoc|Any CPU.ActiveCfg = Release|Any CPU
		{36707E34-698A-46B0-87C6-C528817A8A01}.Ad-Hoc|Any CPU.Build.0 = Release|Any CPU
		{36707E34-698A-46B0-87C6-C528817A8A01}.Ad-Hoc|Any CPU.Deploy.0 = Release|Any CPU
		{36707E34-698A-46B0-87C6-C528817A8A01}.Ad-Hoc|iPhone.ActiveCfg = Release|Any CPU
		{36707E34-698A-46B0-87C6-C528817A8A01}.Ad-Hoc|iPhone.Build.0 = Release|Any CPU
		{36707E34-698A-46B0-87C6-C528817A8A01}.Ad-Hoc|iPhone.Deploy.0 = Release|Any CPU
		{36707E34-698A-46B0-87C6-C528817A8A01}.Ad-Hoc|iPhoneSimulator.ActiveCfg = Release|Any CPU
		{36707E34-698A-46B0-87C6-C528817A8A01}.Ad-Hoc|iPhoneSimulator.Build.0 = Release|Any CPU
		{36707E34-698A-46B0-87C6-C528817A8A01}.Ad-Hoc|iPhoneSimulator.Deploy.0 = Release|Any CPU
		{36707E34-698A-46B0-87C6-C528817A8A01}.AppStore|Any CPU.ActiveCfg = Release|Any CPU
		{36707E34-698A-46B0-87C6-C528817A8A01}.AppStore|Any CPU.Build.0 = Release|Any CPU
		{36707E34-698A-46B0-87C6-C528817A8A01}.AppStore|Any CPU.Deploy.0 = Release|Any CPU
		{36707E34-698A-46B0-87C6-C528817A8A01}.AppStore|iPhone.ActiveCfg = Release|Any CPU
		{36707E34-698A-46B0-87C6-C528817A8A01}.AppStore|iPhone.Build.0 = Release|Any CPU
		{36707E34-698A-46B0-87C6-C528817A8A01}.AppStore|iPhone.Deploy.0 = Release|Any CPU
		{36707E34-698A-46B0-87C6-C528817A8A01}.AppStore|iPhoneSimulator.ActiveCfg = Release|Any CPU
		{36707E34-698A-46B0-87C6-C528817A8A01}.AppStore|iPhoneSimulator.Build.0 = Release|Any CPU
		{36707E34-698A-46B0-87C6-C528817A8A01}.AppStore|iPhoneSimulator.Deploy.0 = Release|Any CPU
		{36707E34-698A-46B0-87C6-C528817A8A01}.Debug|Any CPU.ActiveCfg = Debug|Any CPU
		{36707E34-698A-46B0-87C6-C528817A8A01}.Debug|Any CPU.Build.0 = Debug|Any CPU
		{36707E34-698A-46B0-87C6-C528817A8A01}.Debug|Any CPU.Deploy.0 = Debug|Any CPU
		{36707E34-698A-46B0-87C6-C528817A8A01}.Debug|iPhone.ActiveCfg = Debug|Any CPU
		{36707E34-698A-46B0-87C6-C528817A8A01}.Debug|iPhone.Build.0 = Debug|Any CPU
		{36707E34-698A-46B0-87C6-C528817A8A01}.Debug|iPhone.Deploy.0 = Debug|Any CPU
		{36707E34-698A-46B0-87C6-C528817A8A01}.Debug|iPhoneSimulator.ActiveCfg = Debug|Any CPU
		{36707E34-698A-46B0-87C6-C528817A8A01}.Debug|iPhoneSimulator.Build.0 = Debug|Any CPU
		{36707E34-698A-46B0-87C6-C528817A8A01}.Debug|iPhoneSimulator.Deploy.0 = Debug|Any CPU
		{36707E34-698A-46B0-87C6-C528817A8A01}.Release|Any CPU.ActiveCfg = Release|Any CPU
		{36707E34-698A-46B0-87C6-C528817A8A01}.Release|Any CPU.Build.0 = Release|Any CPU
		{36707E34-698A-46B0-87C6-C528817A8A01}.Release|Any CPU.Deploy.0 = Release|Any CPU
		{36707E34-698A-46B0-87C6-C528817A8A01}.Release|iPhone.ActiveCfg = Release|Any CPU
		{36707E34-698A-46B0-87C6-C528817A8A01}.Release|iPhone.Build.0 = Release|Any CPU
		{36707E34-698A-46B0-87C6-C528817A8A01}.Release|iPhone.Deploy.0 = Release|Any CPU
		{36707E34-698A-46B0-87C6-C528817A8A01}.Release|iPhoneSimulator.ActiveCfg = Release|Any CPU
		{36707E34-698A-46B0-87C6-C528817A8A01}.Release|iPhoneSimulator.Build.0 = Release|Any CPU
		{36707E34-698A-46B0-87C6-C528817A8A01}.Release|iPhoneSimulator.Deploy.0 = Release|Any CPU
		{DAC742B7-94CD-4C7E-9922-366FF0A77740}.Ad-Hoc|Any CPU.ActiveCfg = Ad-Hoc|iPhone
		{DAC742B7-94CD-4C7E-9922-366FF0A77740}.Ad-Hoc|Any CPU.Build.0 = Ad-Hoc|iPhone
		{DAC742B7-94CD-4C7E-9922-366FF0A77740}.Ad-Hoc|Any CPU.Deploy.0 = Ad-Hoc|iPhone
		{DAC742B7-94CD-4C7E-9922-366FF0A77740}.Ad-Hoc|iPhone.ActiveCfg = Ad-Hoc|iPhone
		{DAC742B7-94CD-4C7E-9922-366FF0A77740}.Ad-Hoc|iPhone.Build.0 = Ad-Hoc|iPhone
		{DAC742B7-94CD-4C7E-9922-366FF0A77740}.Ad-Hoc|iPhone.Deploy.0 = Ad-Hoc|iPhone
		{DAC742B7-94CD-4C7E-9922-366FF0A77740}.Ad-Hoc|iPhoneSimulator.ActiveCfg = Ad-Hoc|iPhoneSimulator
		{DAC742B7-94CD-4C7E-9922-366FF0A77740}.Ad-Hoc|iPhoneSimulator.Build.0 = Ad-Hoc|iPhoneSimulator
		{DAC742B7-94CD-4C7E-9922-366FF0A77740}.Ad-Hoc|iPhoneSimulator.Deploy.0 = Ad-Hoc|iPhoneSimulator
		{DAC742B7-94CD-4C7E-9922-366FF0A77740}.AppStore|Any CPU.ActiveCfg = AppStore|iPhone
		{DAC742B7-94CD-4C7E-9922-366FF0A77740}.AppStore|Any CPU.Build.0 = AppStore|iPhone
		{DAC742B7-94CD-4C7E-9922-366FF0A77740}.AppStore|Any CPU.Deploy.0 = AppStore|iPhone
		{DAC742B7-94CD-4C7E-9922-366FF0A77740}.AppStore|iPhone.ActiveCfg = AppStore|iPhone
		{DAC742B7-94CD-4C7E-9922-366FF0A77740}.AppStore|iPhone.Build.0 = AppStore|iPhone
		{DAC742B7-94CD-4C7E-9922-366FF0A77740}.AppStore|iPhone.Deploy.0 = AppStore|iPhone
		{DAC742B7-94CD-4C7E-9922-366FF0A77740}.AppStore|iPhoneSimulator.ActiveCfg = AppStore|iPhoneSimulator
		{DAC742B7-94CD-4C7E-9922-366FF0A77740}.AppStore|iPhoneSimulator.Build.0 = AppStore|iPhoneSimulator
		{DAC742B7-94CD-4C7E-9922-366FF0A77740}.AppStore|iPhoneSimulator.Deploy.0 = AppStore|iPhoneSimulator
		{DAC742B7-94CD-4C7E-9922-366FF0A77740}.Debug|Any CPU.ActiveCfg = Debug|iPhoneSimulator
		{DAC742B7-94CD-4C7E-9922-366FF0A77740}.Debug|Any CPU.Build.0 = Debug|iPhoneSimulator
		{DAC742B7-94CD-4C7E-9922-366FF0A77740}.Debug|Any CPU.Deploy.0 = Debug|iPhoneSimulator
		{DAC742B7-94CD-4C7E-9922-366FF0A77740}.Debug|iPhone.ActiveCfg = Debug|iPhone
		{DAC742B7-94CD-4C7E-9922-366FF0A77740}.Debug|iPhone.Build.0 = Debug|iPhone
		{DAC742B7-94CD-4C7E-9922-366FF0A77740}.Debug|iPhone.Deploy.0 = Debug|iPhone
		{DAC742B7-94CD-4C7E-9922-366FF0A77740}.Debug|iPhoneSimulator.ActiveCfg = Debug|iPhoneSimulator
		{DAC742B7-94CD-4C7E-9922-366FF0A77740}.Debug|iPhoneSimulator.Build.0 = Debug|iPhoneSimulator
		{DAC742B7-94CD-4C7E-9922-366FF0A77740}.Debug|iPhoneSimulator.Deploy.0 = Debug|iPhoneSimulator
		{DAC742B7-94CD-4C7E-9922-366FF0A77740}.Release|Any CPU.ActiveCfg = Release|iPhone
		{DAC742B7-94CD-4C7E-9922-366FF0A77740}.Release|Any CPU.Build.0 = Release|iPhone
		{DAC742B7-94CD-4C7E-9922-366FF0A77740}.Release|Any CPU.Deploy.0 = Release|iPhone
		{DAC742B7-94CD-4C7E-9922-366FF0A77740}.Release|iPhone.ActiveCfg = Release|iPhone
		{DAC742B7-94CD-4C7E-9922-366FF0A77740}.Release|iPhone.Build.0 = Release|iPhone
		{DAC742B7-94CD-4C7E-9922-366FF0A77740}.Release|iPhone.Deploy.0 = Release|iPhone
		{DAC742B7-94CD-4C7E-9922-366FF0A77740}.Release|iPhoneSimulator.ActiveCfg = Release|iPhoneSimulator
		{DAC742B7-94CD-4C7E-9922-366FF0A77740}.Release|iPhoneSimulator.Build.0 = Release|iPhoneSimulator
		{DAC742B7-94CD-4C7E-9922-366FF0A77740}.Release|iPhoneSimulator.Deploy.0 = Release|iPhoneSimulator
		{02F7ACA0-5A2C-4D19-9A40-6EACA589C599}.Ad-Hoc|Any CPU.ActiveCfg = Debug|Any CPU
		{02F7ACA0-5A2C-4D19-9A40-6EACA589C599}.Ad-Hoc|Any CPU.Build.0 = Debug|Any CPU
		{02F7ACA0-5A2C-4D19-9A40-6EACA589C599}.Ad-Hoc|Any CPU.Deploy.0 = Debug|Any CPU
		{02F7ACA0-5A2C-4D19-9A40-6EACA589C599}.Ad-Hoc|iPhone.ActiveCfg = Debug|Any CPU
		{02F7ACA0-5A2C-4D19-9A40-6EACA589C599}.Ad-Hoc|iPhone.Build.0 = Debug|Any CPU
		{02F7ACA0-5A2C-4D19-9A40-6EACA589C599}.Ad-Hoc|iPhone.Deploy.0 = Debug|Any CPU
		{02F7ACA0-5A2C-4D19-9A40-6EACA589C599}.Ad-Hoc|iPhoneSimulator.ActiveCfg = Debug|Any CPU
		{02F7ACA0-5A2C-4D19-9A40-6EACA589C599}.Ad-Hoc|iPhoneSimulator.Build.0 = Debug|Any CPU
		{02F7ACA0-5A2C-4D19-9A40-6EACA589C599}.Ad-Hoc|iPhoneSimulator.Deploy.0 = Debug|Any CPU
		{02F7ACA0-5A2C-4D19-9A40-6EACA589C599}.AppStore|Any CPU.ActiveCfg = Debug|Any CPU
		{02F7ACA0-5A2C-4D19-9A40-6EACA589C599}.AppStore|Any CPU.Build.0 = Debug|Any CPU
		{02F7ACA0-5A2C-4D19-9A40-6EACA589C599}.AppStore|Any CPU.Deploy.0 = Debug|Any CPU
		{02F7ACA0-5A2C-4D19-9A40-6EACA589C599}.AppStore|iPhone.ActiveCfg = Debug|Any CPU
		{02F7ACA0-5A2C-4D19-9A40-6EACA589C599}.AppStore|iPhone.Build.0 = Debug|Any CPU
		{02F7ACA0-5A2C-4D19-9A40-6EACA589C599}.AppStore|iPhone.Deploy.0 = Debug|Any CPU
		{02F7ACA0-5A2C-4D19-9A40-6EACA589C599}.AppStore|iPhoneSimulator.ActiveCfg = Debug|Any CPU
		{02F7ACA0-5A2C-4D19-9A40-6EACA589C599}.AppStore|iPhoneSimulator.Build.0 = Debug|Any CPU
		{02F7ACA0-5A2C-4D19-9A40-6EACA589C599}.AppStore|iPhoneSimulator.Deploy.0 = Debug|Any CPU
		{02F7ACA0-5A2C-4D19-9A40-6EACA589C599}.Debug|Any CPU.ActiveCfg = Debug|Any CPU
		{02F7ACA0-5A2C-4D19-9A40-6EACA589C599}.Debug|Any CPU.Build.0 = Debug|Any CPU
		{02F7ACA0-5A2C-4D19-9A40-6EACA589C599}.Debug|Any CPU.Deploy.0 = Debug|Any CPU
		{02F7ACA0-5A2C-4D19-9A40-6EACA589C599}.Debug|iPhone.ActiveCfg = Debug|Any CPU
		{02F7ACA0-5A2C-4D19-9A40-6EACA589C599}.Debug|iPhone.Build.0 = Debug|Any CPU
		{02F7ACA0-5A2C-4D19-9A40-6EACA589C599}.Debug|iPhone.Deploy.0 = Debug|Any CPU
		{02F7ACA0-5A2C-4D19-9A40-6EACA589C599}.Debug|iPhoneSimulator.ActiveCfg = Debug|Any CPU
		{02F7ACA0-5A2C-4D19-9A40-6EACA589C599}.Debug|iPhoneSimulator.Build.0 = Debug|Any CPU
		{02F7ACA0-5A2C-4D19-9A40-6EACA589C599}.Debug|iPhoneSimulator.Deploy.0 = Debug|Any CPU
		{02F7ACA0-5A2C-4D19-9A40-6EACA589C599}.Release|Any CPU.ActiveCfg = Release|Any CPU
		{02F7ACA0-5A2C-4D19-9A40-6EACA589C599}.Release|Any CPU.Build.0 = Release|Any CPU
		{02F7ACA0-5A2C-4D19-9A40-6EACA589C599}.Release|Any CPU.Deploy.0 = Release|Any CPU
		{02F7ACA0-5A2C-4D19-9A40-6EACA589C599}.Release|iPhone.ActiveCfg = Release|Any CPU
		{02F7ACA0-5A2C-4D19-9A40-6EACA589C599}.Release|iPhone.Build.0 = Release|Any CPU
		{02F7ACA0-5A2C-4D19-9A40-6EACA589C599}.Release|iPhone.Deploy.0 = Release|Any CPU
		{02F7ACA0-5A2C-4D19-9A40-6EACA589C599}.Release|iPhoneSimulator.ActiveCfg = Release|Any CPU
		{02F7ACA0-5A2C-4D19-9A40-6EACA589C599}.Release|iPhoneSimulator.Build.0 = Release|Any CPU
		{02F7ACA0-5A2C-4D19-9A40-6EACA589C599}.Release|iPhoneSimulator.Deploy.0 = Release|Any CPU
	EndGlobalSection
	GlobalSection(SolutionProperties) = preSolution
		HideSolutionNode = FALSE
	EndGlobalSection
	GlobalSection(ExtensibilityGlobals) = postSolution
		SolutionGuid = {2A709B94-DE3B-4D89-93F1-F1C7F18DE782}
	EndGlobalSection
EndGlobal
