
Microsoft Visual Studio Solution File, Format Version 12.00
# Visual Studio 15
VisualStudioVersion = 15.0.28307.489
MinimumVisualStudioVersion = 10.0.40219.1
Project("{FAE04EC0-301F-11D3-BF4B-00C04F79EFBC}") = "XF_ConsumindoWebApi.Android", "XF_ConsumindoWebApi\XF_ConsumindoWebApi.Android\XF_ConsumindoWebApi.Android.csproj", "{7B1EEA4D-F553-4425-92CA-80B94ECE08C6}"
EndProject
Project("{FAE04EC0-301F-11D3-BF4B-00C04F79EFBC}") = "XF_ConsumindoWebApi", "XF_ConsumindoWebApi\XF_ConsumindoWebApi\XF_ConsumindoWebApi.csproj", "{63AE0E36-7BA1-4746-B894-8362DE471B58}"
EndProject
Global
	GlobalSection(SolutionConfigurationPlatforms) = preSolution
		Debug|Any CPU = Debug|Any CPU
		Release|Any CPU = Release|Any CPU
	EndGlobalSection
	GlobalSection(ProjectConfigurationPlatforms) = postSolution
		{7B1EEA4D-F553-4425-92CA-80B94ECE08C6}.Debug|Any CPU.ActiveCfg = Debug|Any CPU
		{7B1EEA4D-F553-4425-92CA-80B94ECE08C6}.Debug|Any CPU.Build.0 = Debug|Any CPU
		{7B1EEA4D-F553-4425-92CA-80B94ECE08C6}.Debug|Any CPU.Deploy.0 = Debug|Any CPU
		{7B1EEA4D-F553-4425-92CA-80B94ECE08C6}.Release|Any CPU.ActiveCfg = Release|Any CPU
		{7B1EEA4D-F553-4425-92CA-80B94ECE08C6}.Release|Any CPU.Build.0 = Release|Any CPU
		{7B1EEA4D-F553-4425-92CA-80B94ECE08C6}.Release|Any CPU.Deploy.0 = Release|Any CPU
		{63AE0E36-7BA1-4746-B894-8362DE471B58}.Debug|Any CPU.ActiveCfg = Debug|Any CPU
		{63AE0E36-7BA1-4746-B894-8362DE471B58}.Debug|Any CPU.Build.0 = Debug|Any CPU
		{63AE0E36-7BA1-4746-B894-8362DE471B58}.Debug|Any CPU.Deploy.0 = Debug|Any CPU
		{63AE0E36-7BA1-4746-B894-8362DE471B58}.Release|Any CPU.ActiveCfg = Release|Any CPU
		{63AE0E36-7BA1-4746-B894-8362DE471B58}.Release|Any CPU.Build.0 = Release|Any CPU
		{63AE0E36-7BA1-4746-B894-8362DE471B58}.Release|Any CPU.Deploy.0 = Release|Any CPU
	EndGlobalSection
	GlobalSection(SolutionProperties) = preSolution
		HideSolutionNode = FALSE
	EndGlobalSection
	GlobalSection(ExtensibilityGlobals) = postSolution
		SolutionGuid = {3F43FA9F-AD8C-4FB8-83FE-5E482BCF20AA}
	EndGlobalSection
EndGlobal
