
Microsoft Visual Studio Solution File, Format Version 12.00
# Visual Studio 15
VisualStudioVersion = 15.0.28307.489
MinimumVisualStudioVersion = 10.0.40219.1
Project("{FAE04EC0-301F-11D3-BF4B-00C04F79EFBC}") = "SintaxeApi", "SintaxeApi\SintaxeApi.csproj", "{56FA38E3-994F-4989-AE9B-726C2D7C2A58}"
EndProject
Global
	GlobalSection(SolutionConfigurationPlatforms) = preSolution
		Debug|Any CPU = Debug|Any CPU
		Release|Any CPU = Release|Any CPU
	EndGlobalSection
	GlobalSection(ProjectConfigurationPlatforms) = postSolution
		{56FA38E3-994F-4989-AE9B-726C2D7C2A58}.Debug|Any CPU.ActiveCfg = Debug|Any CPU
		{56FA38E3-994F-4989-AE9B-726C2D7C2A58}.Debug|Any CPU.Build.0 = Debug|Any CPU
		{56FA38E3-994F-4989-AE9B-726C2D7C2A58}.Release|Any CPU.ActiveCfg = Release|Any CPU
		{56FA38E3-994F-4989-AE9B-726C2D7C2A58}.Release|Any CPU.Build.0 = Release|Any CPU
	EndGlobalSection
	GlobalSection(SolutionProperties) = preSolution
		HideSolutionNode = FALSE
	EndGlobalSection
	GlobalSection(ExtensibilityGlobals) = postSolution
		SolutionGuid = {0F945C8C-5007-4451-8F9F-B2D34143E5FB}
	EndGlobalSection
EndGlobal
